
Microsoft Visual Studio Solution File, Format Version 12.00
# Visual Studio 15
VisualStudioVersion = 15.0.25807.0
MinimumVisualStudioVersion = 10.0.40219.1
Project("{2150E333-8FDC-42A3-9474-1A3956D46DE8}") = "Engine", "Engine", "{1A88BFA6-D23C-4017-A480-5F618F351217}"
EndProject
Project("{2150E333-8FDC-42A3-9474-1A3956D46DE8}") = "Games", "Games", "{5EF04446-53A8-4451-A6DD-65F309070726}"
EndProject
Project("{8BC9CEB8-8B4A-11D0-8D11-00A0C91BC942}") = "UE4", "Intermediate\ProjectFiles\UE4.vcxproj", "{44C28231-179B-4CB6-BC35-2F999E10AF67}"
EndProject
Project("{8BC9CEB8-8B4A-11D0-8D11-00A0C91BC942}") = "buildingEscape", "Intermediate\ProjectFiles\buildingEscape.vcxproj", "{6ED2EC38-66AA-49DC-8BF8-8629DB3220C0}"
EndProject
Global
	GlobalSection(SolutionConfigurationPlatforms) = preSolution
		DebugGame Editor|HTML5 = DebugGame Editor|HTML5
		DebugGame Editor|Win32 = DebugGame Editor|Win32
		DebugGame Editor|Win64 = DebugGame Editor|Win64
		DebugGame|HTML5 = DebugGame|HTML5
		DebugGame|Win32 = DebugGame|Win32
		DebugGame|Win64 = DebugGame|Win64
		Development Editor|HTML5 = Development Editor|HTML5
		Development Editor|Win32 = Development Editor|Win32
		Development Editor|Win64 = Development Editor|Win64
		Development|HTML5 = Development|HTML5
		Development|Win32 = Development|Win32
		Development|Win64 = Development|Win64
		Shipping|HTML5 = Shipping|HTML5
		Shipping|Win32 = Shipping|Win32
		Shipping|Win64 = Shipping|Win64
	EndGlobalSection
	GlobalSection(ProjectConfigurationPlatforms) = postSolution
		{44C28231-179B-4CB6-BC35-2F999E10AF67}.DebugGame Editor|HTML5.ActiveCfg = BuiltWithUnrealBuildTool|Win32
		{44C28231-179B-4CB6-BC35-2F999E10AF67}.DebugGame Editor|HTML5.Build.0 = BuiltWithUnrealBuildTool|Win32
		{44C28231-179B-4CB6-BC35-2F999E10AF67}.DebugGame Editor|Win32.ActiveCfg = BuiltWithUnrealBuildTool|Win32
		{44C28231-179B-4CB6-BC35-2F999E10AF67}.DebugGame Editor|Win32.Build.0 = BuiltWithUnrealBuildTool|Win32
		{44C28231-179B-4CB6-BC35-2F999E10AF67}.DebugGame Editor|Win64.ActiveCfg = BuiltWithUnrealBuildTool|Win32
		{44C28231-179B-4CB6-BC35-2F999E10AF67}.DebugGame Editor|Win64.Build.0 = BuiltWithUnrealBuildTool|Win32
		{44C28231-179B-4CB6-BC35-2F999E10AF67}.DebugGame|HTML5.ActiveCfg = BuiltWithUnrealBuildTool|Win32
		{44C28231-179B-4CB6-BC35-2F999E10AF67}.DebugGame|HTML5.Build.0 = BuiltWithUnrealBuildTool|Win32
		{44C28231-179B-4CB6-BC35-2F999E10AF67}.DebugGame|Win32.ActiveCfg = BuiltWithUnrealBuildTool|Win32
		{44C28231-179B-4CB6-BC35-2F999E10AF67}.DebugGame|Win32.Build.0 = BuiltWithUnrealBuildTool|Win32
		{44C28231-179B-4CB6-BC35-2F999E10AF67}.DebugGame|Win64.ActiveCfg = BuiltWithUnrealBuildTool|Win32
		{44C28231-179B-4CB6-BC35-2F999E10AF67}.DebugGame|Win64.Build.0 = BuiltWithUnrealBuildTool|Win32
		{44C28231-179B-4CB6-BC35-2F999E10AF67}.Development Editor|HTML5.ActiveCfg = BuiltWithUnrealBuildTool|Win32
		{44C28231-179B-4CB6-BC35-2F999E10AF67}.Development Editor|HTML5.Build.0 = BuiltWithUnrealBuildTool|Win32
		{44C28231-179B-4CB6-BC35-2F999E10AF67}.Development Editor|Win32.ActiveCfg = BuiltWithUnrealBuildTool|Win32
		{44C28231-179B-4CB6-BC35-2F999E10AF67}.Development Editor|Win32.Build.0 = BuiltWithUnrealBuildTool|Win32
		{44C28231-179B-4CB6-BC35-2F999E10AF67}.Development Editor|Win64.ActiveCfg = BuiltWithUnrealBuildTool|Win32
		{44C28231-179B-4CB6-BC35-2F999E10AF67}.Development Editor|Win64.Build.0 = BuiltWithUnrealBuildTool|Win32
		{44C28231-179B-4CB6-BC35-2F999E10AF67}.Development|HTML5.ActiveCfg = BuiltWithUnrealBuildTool|Win32
		{44C28231-179B-4CB6-BC35-2F999E10AF67}.Development|HTML5.Build.0 = BuiltWithUnrealBuildTool|Win32
		{44C28231-179B-4CB6-BC35-2F999E10AF67}.Development|Win32.ActiveCfg = BuiltWithUnrealBuildTool|Win32
		{44C28231-179B-4CB6-BC35-2F999E10AF67}.Development|Win32.Build.0 = BuiltWithUnrealBuildTool|Win32
		{44C28231-179B-4CB6-BC35-2F999E10AF67}.Development|Win64.ActiveCfg = BuiltWithUnrealBuildTool|Win32
		{44C28231-179B-4CB6-BC35-2F999E10AF67}.Development|Win64.Build.0 = BuiltWithUnrealBuildTool|Win32
		{44C28231-179B-4CB6-BC35-2F999E10AF67}.Shipping|HTML5.ActiveCfg = BuiltWithUnrealBuildTool|Win32
		{44C28231-179B-4CB6-BC35-2F999E10AF67}.Shipping|HTML5.Build.0 = BuiltWithUnrealBuildTool|Win32
		{44C28231-179B-4CB6-BC35-2F999E10AF67}.Shipping|Win32.ActiveCfg = BuiltWithUnrealBuildTool|Win32
		{44C28231-179B-4CB6-BC35-2F999E10AF67}.Shipping|Win32.Build.0 = BuiltWithUnrealBuildTool|Win32
		{44C28231-179B-4CB6-BC35-2F999E10AF67}.Shipping|Win64.ActiveCfg = BuiltWithUnrealBuildTool|Win32
		{44C28231-179B-4CB6-BC35-2F999E10AF67}.Shipping|Win64.Build.0 = BuiltWithUnrealBuildTool|Win32
		{6ED2EC38-66AA-49DC-8BF8-8629DB3220C0}.DebugGame Editor|HTML5.ActiveCfg = HTML5_DebugGame_Editor|Win32
		{6ED2EC38-66AA-49DC-8BF8-8629DB3220C0}.DebugGame Editor|Win32.ActiveCfg = DebugGame_Editor|Win32
		{6ED2EC38-66AA-49DC-8BF8-8629DB3220C0}.DebugGame Editor|Win64.ActiveCfg = DebugGame_Editor|x64
		{6ED2EC38-66AA-49DC-8BF8-8629DB3220C0}.DebugGame Editor|Win64.Build.0 = DebugGame_Editor|x64
		{6ED2EC38-66AA-49DC-8BF8-8629DB3220C0}.DebugGame|HTML5.ActiveCfg = HTML5_DebugGame_Game|Win32
		{6ED2EC38-66AA-49DC-8BF8-8629DB3220C0}.DebugGame|HTML5.Build.0 = HTML5_DebugGame_Game|Win32
		{6ED2EC38-66AA-49DC-8BF8-8629DB3220C0}.DebugGame|Win32.ActiveCfg = DebugGame_Game|Win32
		{6ED2EC38-66AA-49DC-8BF8-8629DB3220C0}.DebugGame|Win32.Build.0 = DebugGame_Game|Win32
		{6ED2EC38-66AA-49DC-8BF8-8629DB3220C0}.DebugGame|Win64.ActiveCfg = DebugGame_Game|x64
		{6ED2EC38-66AA-49DC-8BF8-8629DB3220C0}.DebugGame|Win64.Build.0 = DebugGame_Game|x64
		{6ED2EC38-66AA-49DC-8BF8-8629DB3220C0}.Development Editor|HTML5.ActiveCfg = HTML5_Development_Editor|Win32
		{6ED2EC38-66AA-49DC-8BF8-8629DB3220C0}.Development Editor|Win32.ActiveCfg = Development_Editor|Win32
		{6ED2EC38-66AA-49DC-8BF8-8629DB3220C0}.Development Editor|Win64.ActiveCfg = Development_Editor|x64
		{6ED2EC38-66AA-49DC-8BF8-8629DB3220C0}.Development Editor|Win64.Build.0 = Development_Editor|x64
		{6ED2EC38-66AA-49DC-8BF8-8629DB3220C0}.Development|HTML5.ActiveCfg = HTML5_Development_Game|Win32
		{6ED2EC38-66AA-49DC-8BF8-8629DB3220C0}.Development|HTML5.Build.0 = HTML5_Development_Game|Win32
		{6ED2EC38-66AA-49DC-8BF8-8629DB3220C0}.Development|Win32.ActiveCfg = Development_Game|Win32
		{6ED2EC38-66AA-49DC-8BF8-8629DB3220C0}.Development|Win32.Build.0 = Development_Game|Win32
		{6ED2EC38-66AA-49DC-8BF8-8629DB3220C0}.Development|Win64.ActiveCfg = Development_Game|x64
		{6ED2EC38-66AA-49DC-8BF8-8629DB3220C0}.Development|Win64.Build.0 = Development_Game|x64
		{6ED2EC38-66AA-49DC-8BF8-8629DB3220C0}.Shipping|HTML5.ActiveCfg = HTML5_Shipping_Game|Win32
		{6ED2EC38-66AA-49DC-8BF8-8629DB3220C0}.Shipping|HTML5.Build.0 = HTML5_Shipping_Game|Win32
		{6ED2EC38-66AA-49DC-8BF8-8629DB3220C0}.Shipping|Win32.ActiveCfg = Shipping_Game|Win32
		{6ED2EC38-66AA-49DC-8BF8-8629DB3220C0}.Shipping|Win32.Build.0 = Shipping_Game|Win32
		{6ED2EC38-66AA-49DC-8BF8-8629DB3220C0}.Shipping|Win64.ActiveCfg = Shipping_Game|x64
		{6ED2EC38-66AA-49DC-8BF8-8629DB3220C0}.Shipping|Win64.Build.0 = Shipping_Game|x64
	EndGlobalSection
	GlobalSection(SolutionProperties) = preSolution
		HideSolutionNode = FALSE
	EndGlobalSection
	GlobalSection(NestedProjects) = preSolution
		{44C28231-179B-4CB6-BC35-2F999E10AF67} = {1A88BFA6-D23C-4017-A480-5F618F351217}
		{6ED2EC38-66AA-49DC-8BF8-8629DB3220C0} = {5EF04446-53A8-4451-A6DD-65F309070726}
	EndGlobalSection
	GlobalSection(ExtensibilityGlobals) = postSolution
		SolutionGuid = {ED0D12D5-2935-48A6-AAAF-DE9DEA2308E0}
	EndGlobalSection
EndGlobal
